// !$*UTF8*$!
{
	archiveVersion = 1;
	classes = {
	};
	objectVersion = 50;
	objects = {

/* Begin PBXBuildFile section */
		591B6E92256BFB7400CBC59A /* CategoriesList.swift in Sources */ = {isa = PBXBuildFile; fileRef = 591B6E91256BFB7400CBC59A /* CategoriesList.swift */; };
		591B6E93256BFB7400CBC59A /* CategoriesList.swift in Sources */ = {isa = PBXBuildFile; fileRef = 591B6E91256BFB7400CBC59A /* CategoriesList.swift */; };
		591B6E98256BFB9000CBC59A /* SFSymbol.swift in Sources */ = {isa = PBXBuildFile; fileRef = 591B6E97256BFB9000CBC59A /* SFSymbol.swift */; };
		591B6E99256BFB9000CBC59A /* SFSymbol.swift in Sources */ = {isa = PBXBuildFile; fileRef = 591B6E97256BFB9000CBC59A /* SFSymbol.swift */; };
		597BFE922568BEB000635149 /* SFIconsPickerApp.swift in Sources */ = {isa = PBXBuildFile; fileRef = 597BFE7F2568BEAE00635149 /* SFIconsPickerApp.swift */; };
		597BFE932568BEB000635149 /* SFIconsPickerApp.swift in Sources */ = {isa = PBXBuildFile; fileRef = 597BFE7F2568BEAE00635149 /* SFIconsPickerApp.swift */; };
		597BFE942568BEB000635149 /* SFCategoryIcons.swift in Sources */ = {isa = PBXBuildFile; fileRef = 597BFE802568BEAE00635149 /* SFCategoryIcons.swift */; };
		597BFE952568BEB000635149 /* SFCategoryIcons.swift in Sources */ = {isa = PBXBuildFile; fileRef = 597BFE802568BEAE00635149 /* SFCategoryIcons.swift */; };
		597BFE962568BEB000635149 /* Assets.xcassets in Resources */ = {isa = PBXBuildFile; fileRef = 597BFE812568BEB000635149 /* Assets.xcassets */; };
		597BFE972568BEB000635149 /* Assets.xcassets in Resources */ = {isa = PBXBuildFile; fileRef = 597BFE812568BEB000635149 /* Assets.xcassets */; };
		598C5716256FEEB400A2892A /* SFSymbolGridItem.swift in Sources */ = {isa = PBXBuildFile; fileRef = 598C5715256FEEB400A2892A /* SFSymbolGridItem.swift */; };
		598C5717256FEEB400A2892A /* SFSymbolGridItem.swift in Sources */ = {isa = PBXBuildFile; fileRef = 598C5715256FEEB400A2892A /* SFSymbolGridItem.swift */; };
		59A8238A256D069D00360C98 /* Searchbar.swift in Sources */ = {isa = PBXBuildFile; fileRef = 59A82389256D069D00360C98 /* Searchbar.swift */; };
		59A8238B256D069D00360C98 /* Searchbar.swift in Sources */ = {isa = PBXBuildFile; fileRef = 59A82389256D069D00360C98 /* Searchbar.swift */; };
/* End PBXBuildFile section */

/* Begin PBXFileReference section */
		591B6E91256BFB7400CBC59A /* CategoriesList.swift */ = {isa = PBXFileReference; lastKnownFileType = sourcecode.swift; path = CategoriesList.swift; sourceTree = "<group>"; };
		591B6E97256BFB9000CBC59A /* SFSymbol.swift */ = {isa = PBXFileReference; lastKnownFileType = sourcecode.swift; path = SFSymbol.swift; sourceTree = "<group>"; };
		597BFE7F2568BEAE00635149 /* SFIconsPickerApp.swift */ = {isa = PBXFileReference; lastKnownFileType = sourcecode.swift; path = SFIconsPickerApp.swift; sourceTree = "<group>"; };
		597BFE802568BEAE00635149 /* SFCategoryIcons.swift */ = {isa = PBXFileReference; lastKnownFileType = sourcecode.swift; path = SFCategoryIcons.swift; sourceTree = "<group>"; };
		597BFE812568BEB000635149 /* Assets.xcassets */ = {isa = PBXFileReference; lastKnownFileType = folder.assetcatalog; path = Assets.xcassets; sourceTree = "<group>"; };
		597BFE862568BEB000635149 /* SFIconsPicker.app */ = {isa = PBXFileReference; explicitFileType = wrapper.application; includeInIndex = 0; path = SFIconsPicker.app; sourceTree = BUILT_PRODUCTS_DIR; };
		597BFE892568BEB000635149 /* Info.plist */ = {isa = PBXFileReference; lastKnownFileType = text.plist.xml; path = Info.plist; sourceTree = "<group>"; };
		597BFE8E2568BEB000635149 /* SFIconsPicker.app */ = {isa = PBXFileReference; explicitFileType = wrapper.application; includeInIndex = 0; path = SFIconsPicker.app; sourceTree = BUILT_PRODUCTS_DIR; };
		597BFE902568BEB000635149 /* Info.plist */ = {isa = PBXFileReference; lastKnownFileType = text.plist.xml; path = Info.plist; sourceTree = "<group>"; };
		597BFE912568BEB000635149 /* macOS.entitlements */ = {isa = PBXFileReference; lastKnownFileType = text.plist.entitlements; path = macOS.entitlements; sourceTree = "<group>"; };
		598C5715256FEEB400A2892A /* SFSymbolGridItem.swift */ = {isa = PBXFileReference; lastKnownFileType = sourcecode.swift; path = SFSymbolGridItem.swift; sourceTree = "<group>"; };
		598C571A256FFD0800A2892A /* README.md */ = {isa = PBXFileReference; lastKnownFileType = net.daringfireball.markdown; path = README.md; sourceTree = "<group>"; };
		59A82389256D069D00360C98 /* Searchbar.swift */ = {isa = PBXFileReference; lastKnownFileType = sourcecode.swift; path = Searchbar.swift; sourceTree = "<group>"; };
/* End PBXFileReference section */

/* Begin PBXFrameworksBuildPhase section */
		597BFE832568BEB000635149 /* Frameworks */ = {
			isa = PBXFrameworksBuildPhase;
			buildActionMask = 2147483647;
			files = (
			);
			runOnlyForDeploymentPostprocessing = 0;
		};
		597BFE8B2568BEB000635149 /* Frameworks */ = {
			isa = PBXFrameworksBuildPhase;
			buildActionMask = 2147483647;
			files = (
			);
			runOnlyForDeploymentPostprocessing = 0;
		};
/* End PBXFrameworksBuildPhase section */

/* Begin PBXGroup section */
		591B6E96256BFB7B00CBC59A /* Model */ = {
			isa = PBXGroup;
			children = (
				591B6E97256BFB9000CBC59A /* SFSymbol.swift */,
			);
			path = Model;
			sourceTree = "<group>";
		};
		597BFE792568BEAE00635149 = {
			isa = PBXGroup;
			children = (
				598C571A256FFD0800A2892A /* README.md */,
				597BFE7E2568BEAE00635149 /* Shared */,
				597BFE882568BEB000635149 /* iOS */,
				597BFE8F2568BEB000635149 /* macOS */,
				597BFE872568BEB000635149 /* Products */,
			);
			sourceTree = "<group>";
		};
		597BFE7E2568BEAE00635149 /* Shared */ = {
			isa = PBXGroup;
			children = (
				591B6E96256BFB7B00CBC59A /* Model */,
				597BFE7F2568BEAE00635149 /* SFIconsPickerApp.swift */,
				597BFE802568BEAE00635149 /* SFCategoryIcons.swift */,
				598C5715256FEEB400A2892A /* SFSymbolGridItem.swift */,
				59A82389256D069D00360C98 /* Searchbar.swift */,
				597BFE812568BEB000635149 /* Assets.xcassets */,
				591B6E91256BFB7400CBC59A /* CategoriesList.swift */,
			);
			path = Shared;
			sourceTree = "<group>";
		};
		597BFE872568BEB000635149 /* Products */ = {
			isa = PBXGroup;
			children = (
				597BFE862568BEB000635149 /* SFIconsPicker.app */,
				597BFE8E2568BEB000635149 /* SFIconsPicker.app */,
			);
			name = Products;
			sourceTree = "<group>";
		};
		597BFE882568BEB000635149 /* iOS */ = {
			isa = PBXGroup;
			children = (
				597BFE892568BEB000635149 /* Info.plist */,
			);
			path = iOS;
			sourceTree = "<group>";
		};
		597BFE8F2568BEB000635149 /* macOS */ = {
			isa = PBXGroup;
			children = (
				597BFE902568BEB000635149 /* Info.plist */,
				597BFE912568BEB000635149 /* macOS.entitlements */,
			);
			path = macOS;
			sourceTree = "<group>";
		};
/* End PBXGroup section */

/* Begin PBXNativeTarget section */
		597BFE852568BEB000635149 /* SFIconsPicker (iOS) */ = {
			isa = PBXNativeTarget;
			buildConfigurationList = 597BFE9A2568BEB000635149 /* Build configuration list for PBXNativeTarget "SFIconsPicker (iOS)" */;
			buildPhases = (
				597BFE822568BEB000635149 /* Sources */,
				597BFE832568BEB000635149 /* Frameworks */,
				597BFE842568BEB000635149 /* Resources */,
			);
			buildRules = (
			);
			dependencies = (
			);
			name = "SFIconsPicker (iOS)";
			productName = "SFIconsPicker (iOS)";
			productReference = 597BFE862568BEB000635149 /* SFIconsPicker.app */;
			productType = "com.apple.product-type.application";
		};
		597BFE8D2568BEB000635149 /* SFIconsPicker (macOS) */ = {
			isa = PBXNativeTarget;
			buildConfigurationList = 597BFE9D2568BEB000635149 /* Build configuration list for PBXNativeTarget "SFIconsPicker (macOS)" */;
			buildPhases = (
				597BFE8A2568BEB000635149 /* Sources */,
				597BFE8B2568BEB000635149 /* Frameworks */,
				597BFE8C2568BEB000635149 /* Resources */,
			);
			buildRules = (
			);
			dependencies = (
			);
			name = "SFIconsPicker (macOS)";
			productName = "SFIconsPicker (macOS)";
			productReference = 597BFE8E2568BEB000635149 /* SFIconsPicker.app */;
			productType = "com.apple.product-type.application";
		};
/* End PBXNativeTarget section */

/* Begin PBXProject section */
		597BFE7A2568BEAE00635149 /* Project object */ = {
			isa = PBXProject;
			attributes = {
				LastSwiftUpdateCheck = 1220;
				LastUpgradeCheck = 1220;
				TargetAttributes = {
					597BFE852568BEB000635149 = {
						CreatedOnToolsVersion = 12.2;
					};
					597BFE8D2568BEB000635149 = {
						CreatedOnToolsVersion = 12.2;
					};
				};
			};
			buildConfigurationList = 597BFE7D2568BEAE00635149 /* Build configuration list for PBXProject "SFIconsPicker" */;
			compatibilityVersion = "Xcode 9.3";
			developmentRegion = en;
			hasScannedForEncodings = 0;
			knownRegions = (
				en,
				Base,
			);
			mainGroup = 597BFE792568BEAE00635149;
			productRefGroup = 597BFE872568BEB000635149 /* Products */;
			projectDirPath = "";
			projectRoot = "";
			targets = (
				597BFE852568BEB000635149 /* SFIconsPicker (iOS) */,
				597BFE8D2568BEB000635149 /* SFIconsPicker (macOS) */,
			);
		};
/* End PBXProject section */

/* Begin PBXResourcesBuildPhase section */
		597BFE842568BEB000635149 /* Resources */ = {
			isa = PBXResourcesBuildPhase;
			buildActionMask = 2147483647;
			files = (
				597BFE962568BEB000635149 /* Assets.xcassets in Resources */,
			);
			runOnlyForDeploymentPostprocessing = 0;
		};
		597BFE8C2568BEB000635149 /* Resources */ = {
			isa = PBXResourcesBuildPhase;
			buildActionMask = 2147483647;
			files = (
				597BFE972568BEB000635149 /* Assets.xcassets in Resources */,
			);
			runOnlyForDeploymentPostprocessing = 0;
		};
/* End PBXResourcesBuildPhase section */

/* Begin PBXSourcesBuildPhase section */
		597BFE822568BEB000635149 /* Sources */ = {
			isa = PBXSourcesBuildPhase;
			buildActionMask = 2147483647;
			files = (
				591B6E92256BFB7400CBC59A /* CategoriesList.swift in Sources */,
				591B6E98256BFB9000CBC59A /* SFSymbol.swift in Sources */,
				59A8238A256D069D00360C98 /* Searchbar.swift in Sources */,
				598C5716256FEEB400A2892A /* SFSymbolGridItem.swift in Sources */,
				597BFE942568BEB000635149 /* SFCategoryIcons.swift in Sources */,
				597BFE922568BEB000635149 /* SFIconsPickerApp.swift in Sources */,
			);
			runOnlyForDeploymentPostprocessing = 0;
		};
		597BFE8A2568BEB000635149 /* Sources */ = {
			isa = PBXSourcesBuildPhase;
			buildActionMask = 2147483647;
			files = (
				591B6E93256BFB7400CBC59A /* CategoriesList.swift in Sources */,
				591B6E99256BFB9000CBC59A /* SFSymbol.swift in Sources */,
				59A8238B256D069D00360C98 /* Searchbar.swift in Sources */,
				598C5717256FEEB400A2892A /* SFSymbolGridItem.swift in Sources */,
				597BFE952568BEB000635149 /* SFCategoryIcons.swift in Sources */,
				597BFE932568BEB000635149 /* SFIconsPickerApp.swift in Sources */,
			);
			runOnlyForDeploymentPostprocessing = 0;
		};
/* End PBXSourcesBuildPhase section */

/* Begin XCBuildConfiguration section */
		597BFE982568BEB000635149 /* Debug */ = {
			isa = XCBuildConfiguration;
			buildSettings = {
				ALWAYS_SEARCH_USER_PATHS = NO;
				CLANG_ANALYZER_NONNULL = YES;
				CLANG_ANALYZER_NUMBER_OBJECT_CONVERSION = YES_AGGRESSIVE;
				CLANG_CXX_LANGUAGE_STANDARD = "gnu++14";
				CLANG_CXX_LIBRARY = "libc++";
				CLANG_ENABLE_MODULES = YES;
				CLANG_ENABLE_OBJC_ARC = YES;
				CLANG_ENABLE_OBJC_WEAK = YES;
				CLANG_WARN_BLOCK_CAPTURE_AUTORELEASING = YES;
				CLANG_WARN_BOOL_CONVERSION = YES;
				CLANG_WARN_COMMA = YES;
				CLANG_WARN_CONSTANT_CONVERSION = YES;
				CLANG_WARN_DEPRECATED_OBJC_IMPLEMENTATIONS = YES;
				CLANG_WARN_DIRECT_OBJC_ISA_USAGE = YES_ERROR;
				CLANG_WARN_DOCUMENTATION_COMMENTS = YES;
				CLANG_WARN_EMPTY_BODY = YES;
				CLANG_WARN_ENUM_CONVERSION = YES;
				CLANG_WARN_INFINITE_RECURSION = YES;
				CLANG_WARN_INT_CONVERSION = YES;
				CLANG_WARN_NON_LITERAL_NULL_CONVERSION = YES;
				CLANG_WARN_OBJC_IMPLICIT_RETAIN_SELF = YES;
				CLANG_WARN_OBJC_LITERAL_CONVERSION = YES;
				CLANG_WARN_OBJC_ROOT_CLASS = YES_ERROR;
				CLANG_WARN_QUOTED_INCLUDE_IN_FRAMEWORK_HEADER = YES;
				CLANG_WARN_RANGE_LOOP_ANALYSIS = YES;
				CLANG_WARN_STRICT_PROTOTYPES = YES;
				CLANG_WARN_SUSPICIOUS_MOVE = YES;
				CLANG_WARN_UNGUARDED_AVAILABILITY = YES_AGGRESSIVE;
				CLANG_WARN_UNREACHABLE_CODE = YES;
				CLANG_WARN__DUPLICATE_METHOD_MATCH = YES;
				COPY_PHASE_STRIP = NO;
				DEBUG_INFORMATION_FORMAT = dwarf;
				ENABLE_STRICT_OBJC_MSGSEND = YES;
				ENABLE_TESTABILITY = YES;
				GCC_C_LANGUAGE_STANDARD = gnu11;
				GCC_DYNAMIC_NO_PIC = NO;
				GCC_NO_COMMON_BLOCKS = YES;
				GCC_OPTIMIZATION_LEVEL = 0;
				GCC_PREPROCESSOR_DEFINITIONS = (
					"DEBUG=1",
					"$(inherited)",
				);
				GCC_WARN_64_TO_32_BIT_CONVERSION = YES;
				GCC_WARN_ABOUT_RETURN_TYPE = YES_ERROR;
				GCC_WARN_UNDECLARED_SELECTOR = YES;
				GCC_WARN_UNINITIALIZED_AUTOS = YES_AGGRESSIVE;
				GCC_WARN_UNUSED_FUNCTION = YES;
				GCC_WARN_UNUSED_VARIABLE = YES;
				MTL_ENABLE_DEBUG_INFO = INCLUDE_SOURCE;
				MTL_FAST_MATH = YES;
				ONLY_ACTIVE_ARCH = YES;
				SWIFT_ACTIVE_COMPILATION_CONDITIONS = DEBUG;
				SWIFT_OPTIMIZATION_LEVEL = "-Onone";
			};
			name = Debug;
		};
		597BFE992568BEB000635149 /* Release */ = {
			isa = XCBuildConfiguration;
			buildSettings = {
				ALWAYS_SEARCH_USER_PATHS = NO;
				CLANG_ANALYZER_NONNULL = YES;
				CLANG_ANALYZER_NUMBER_OBJECT_CONVERSION = YES_AGGRESSIVE;
				CLANG_CXX_LANGUAGE_STANDARD = "gnu++14";
				CLANG_CXX_LIBRARY = "libc++";
				CLANG_ENABLE_MODULES = YES;
				CLANG_ENABLE_OBJC_ARC = YES;
				CLANG_ENABLE_OBJC_WEAK = YES;
				CLANG_WARN_BLOCK_CAPTURE_AUTORELEASING = YES;
				CLANG_WARN_BOOL_CONVERSION = YES;
				CLANG_WARN_COMMA = YES;
				CLANG_WARN_CONSTANT_CONVERSION = YES;
				CLANG_WARN_DEPRECATED_OBJC_IMPLEMENTATIONS = YES;
				CLANG_WARN_DIRECT_OBJC_ISA_USAGE = YES_ERROR;
				CLANG_WARN_DOCUMENTATION_COMMENTS = YES;
				CLANG_WARN_EMPTY_BODY = YES;
				CLANG_WARN_ENUM_CONVERSION = YES;
				CLANG_WARN_INFINITE_RECURSION = YES;
				CLANG_WARN_INT_CONVERSION = YES;
				CLANG_WARN_NON_LITERAL_NULL_CONVERSION = YES;
				CLANG_WARN_OBJC_IMPLICIT_RETAIN_SELF = YES;
				CLANG_WARN_OBJC_LITERAL_CONVERSION = YES;
				CLANG_WARN_OBJC_ROOT_CLASS = YES_ERROR;
				CLANG_WARN_QUOTED_INCLUDE_IN_FRAMEWORK_HEADER = YES;
				CLANG_WARN_RANGE_LOOP_ANALYSIS = YES;
				CLANG_WARN_STRICT_PROTOTYPES = YES;
				CLANG_WARN_SUSPICIOUS_MOVE = YES;
				CLANG_WARN_UNGUARDED_AVAILABILITY = YES_AGGRESSIVE;
				CLANG_WARN_UNREACHABLE_CODE = YES;
				CLANG_WARN__DUPLICATE_METHOD_MATCH = YES;
				COPY_PHASE_STRIP = NO;
				DEBUG_INFORMATION_FORMAT = "dwarf-with-dsym";
				ENABLE_NS_ASSERTIONS = NO;
				ENABLE_STRICT_OBJC_MSGSEND = YES;
				GCC_C_LANGUAGE_STANDARD = gnu11;
				GCC_NO_COMMON_BLOCKS = YES;
				GCC_WARN_64_TO_32_BIT_CONVERSION = YES;
				GCC_WARN_ABOUT_RETURN_TYPE = YES_ERROR;
				GCC_WARN_UNDECLARED_SELECTOR = YES;
				GCC_WARN_UNINITIALIZED_AUTOS = YES_AGGRESSIVE;
				GCC_WARN_UNUSED_FUNCTION = YES;
				GCC_WARN_UNUSED_VARIABLE = YES;
				MTL_ENABLE_DEBUG_INFO = NO;
				MTL_FAST_MATH = YES;
				SWIFT_COMPILATION_MODE = wholemodule;
				SWIFT_OPTIMIZATION_LEVEL = "-O";
			};
			name = Release;
		};
		597BFE9B2568BEB000635149 /* Debug */ = {
			isa = XCBuildConfiguration;
			buildSettings = {
				ASSETCATALOG_COMPILER_APPICON_NAME = AppIcon;
				ASSETCATALOG_COMPILER_GLOBAL_ACCENT_COLOR_NAME = AccentColor;
				CODE_SIGN_STYLE = Automatic;
				DEVELOPMENT_TEAM = QAWWZVREY3;
				ENABLE_PREVIEWS = YES;
				INFOPLIST_FILE = iOS/Info.plist;
				IPHONEOS_DEPLOYMENT_TARGET = 14.0;
				LD_RUNPATH_SEARCH_PATHS = (
					"$(inherited)",
					"@executable_path/Frameworks",
				);
				PRODUCT_BUNDLE_IDENTIFIER = thoamsy.SFIconsPicker;
				PRODUCT_NAME = SFIconsPicker;
				SDKROOT = iphoneos;
				SWIFT_VERSION = 5.0;
				TARGETED_DEVICE_FAMILY = "1,2";
			};
			name = Debug;
		};
		597BFE9C2568BEB000635149 /* Release */ = {
			isa = XCBuildConfiguration;
			buildSettings = {
				ASSETCATALOG_COMPILER_APPICON_NAME = AppIcon;
				ASSETCATALOG_COMPILER_GLOBAL_ACCENT_COLOR_NAME = AccentColor;
				CODE_SIGN_STYLE = Automatic;
				DEVELOPMENT_TEAM = QAWWZVREY3;
				ENABLE_PREVIEWS = YES;
				INFOPLIST_FILE = iOS/Info.plist;
				IPHONEOS_DEPLOYMENT_TARGET = 14.0;
				LD_RUNPATH_SEARCH_PATHS = (
					"$(inherited)",
					"@executable_path/Frameworks",
				);
				PRODUCT_BUNDLE_IDENTIFIER = thoamsy.SFIconsPicker;
				PRODUCT_NAME = SFIconsPicker;
				SDKROOT = iphoneos;
				SWIFT_VERSION = 5.0;
				TARGETED_DEVICE_FAMILY = "1,2";
				VALIDATE_PRODUCT = YES;
			};
			name = Release;
		};
		597BFE9E2568BEB000635149 /* Debug */ = {
			isa = XCBuildConfiguration;
			buildSettings = {
				ASSETCATALOG_COMPILER_APPICON_NAME = AppIcon;
				ASSETCATALOG_COMPILER_GLOBAL_ACCENT_COLOR_NAME = AccentColor;
				CODE_SIGN_ENTITLEMENTS = macOS/macOS.entitlements;
				CODE_SIGN_STYLE = Automatic;
				COMBINE_HIDPI_IMAGES = YES;
				DEVELOPMENT_TEAM = QAWWZVREY3;
				ENABLE_HARDENED_RUNTIME = YES;
				ENABLE_PREVIEWS = YES;
				INFOPLIST_FILE = macOS/Info.plist;
				LD_RUNPATH_SEARCH_PATHS = (
					"$(inherited)",
					"@executable_path/../Frameworks",
				);
				MACOSX_DEPLOYMENT_TARGET = 11.0;
				PRODUCT_BUNDLE_IDENTIFIER = thoamsy.SFIconsPicker;
				PRODUCT_NAME = SFIconsPicker;
				SDKROOT = macosx;
				SWIFT_VERSION = 5.0;
			};
			name = Debug;
		};
		597BFE9F2568BEB000635149 /* Release */ = {
			isa = XCBuildConfiguration;
			buildSettings = {
				ASSETCATALOG_COMPILER_APPICON_NAME = AppIcon;
				ASSETCATALOG_COMPILER_GLOBAL_ACCENT_COLOR_NAME = AccentColor;
				CODE_SIGN_ENTITLEMENTS = macOS/macOS.entitlements;
				CODE_SIGN_STYLE = Automatic;
				COMBINE_HIDPI_IMAGES = YES;
				DEVELOPMENT_TEAM = QAWWZVREY3;
				ENABLE_HARDENED_RUNTIME = YES;
				ENABLE_PREVIEWS = YES;
				INFOPLIST_FILE = macOS/Info.plist;
				LD_RUNPATH_SEARCH_PATHS = (
					"$(inherited)",
					"@executable_path/../Frameworks",
				);
				MACOSX_DEPLOYMENT_TARGET = 11.0;
				PRODUCT_BUNDLE_IDENTIFIER = thoamsy.SFIconsPicker;
				PRODUCT_NAME = SFIconsPicker;
				SDKROOT = macosx;
				SWIFT_VERSION = 5.0;
			};
			name = Release;
		};
/* End XCBuildConfiguration section */

/* Begin XCConfigurationList section */
		597BFE7D2568BEAE00635149 /* Build configuration list for PBXProject "SFIconsPicker" */ = {
			isa = XCConfigurationList;
			buildConfigurations = (
				597BFE982568BEB000635149 /* Debug */,
				597BFE992568BEB000635149 /* Release */,
			);
			defaultConfigurationIsVisible = 0;
			defaultConfigurationName = Release;
		};
		597BFE9A2568BEB000635149 /* Build configuration list for PBXNativeTarget "SFIconsPicker (iOS)" */ = {
			isa = XCConfigurationList;
			buildConfigurations = (
				597BFE9B2568BEB000635149 /* Debug */,
				597BFE9C2568BEB000635149 /* Release */,
			);
			defaultConfigurationIsVisible = 0;
			defaultConfigurationName = Release;
		};
		597BFE9D2568BEB000635149 /* Build configuration list for PBXNativeTarget "SFIconsPicker (macOS)" */ = {
			isa = XCConfigurationList;
			buildConfigurations = (
				597BFE9E2568BEB000635149 /* Debug */,
				597BFE9F2568BEB000635149 /* Release */,
			);
			defaultConfigurationIsVisible = 0;
			defaultConfigurationName = Release;
		};
/* End XCConfigurationList section */
	};
	rootObject = 597BFE7A2568BEAE00635149 /* Project object */;
}
